
Microsoft Visual Studio Solution File, Format Version 12.00
# Visual Studio 14
VisualStudioVersion = 14.0.25420.1
MinimumVisualStudioVersion = 10.0.40219.1
Project("{B1E792BE-AA5F-4E3C-8C82-674BF9C0715B}") = "SimpleTcUnitExampleProject", "SimpleTcUnitExampleProject\SimpleTcUnitExampleProject.tsproj", "{800569D0-488A-4B75-AFD6-BE39E37F3A4F}"
EndProject
Global
	GlobalSection(SolutionConfigurationPlatforms) = preSolution
		Debug|TwinCAT CE7 (ARMV7) = Debug|TwinCAT CE7 (ARMV7)
		Debug|TwinCAT OS (ARMT2) = Debug|TwinCAT OS (ARMT2)
		Debug|TwinCAT RT (x64) = Debug|TwinCAT RT (x64)
		Debug|TwinCAT RT (x86) = Debug|TwinCAT RT (x86)
		Release|TwinCAT CE7 (ARMV7) = Release|TwinCAT CE7 (ARMV7)
		Release|TwinCAT OS (ARMT2) = Release|TwinCAT OS (ARMT2)
		Release|TwinCAT RT (x64) = Release|TwinCAT RT (x64)
		Release|TwinCAT RT (x86) = Release|TwinCAT RT (x86)
	EndGlobalSection
	GlobalSection(ProjectConfigurationPlatforms) = postSolution
		{800569D0-488A-4B75-AFD6-BE39E37F3A4F}.Debug|TwinCAT CE7 (ARMV7).ActiveCfg = Debug|TwinCAT CE7 (ARMV7)
		{800569D0-488A-4B75-AFD6-BE39E37F3A4F}.Debug|TwinCAT CE7 (ARMV7).Build.0 = Debug|TwinCAT CE7 (ARMV7)
		{800569D0-488A-4B75-AFD6-BE39E37F3A4F}.Debug|TwinCAT OS (ARMT2).ActiveCfg = Debug|TwinCAT OS (ARMT2)
		{800569D0-488A-4B75-AFD6-BE39E37F3A4F}.Debug|TwinCAT OS (ARMT2).Build.0 = Debug|TwinCAT OS (ARMT2)
		{800569D0-488A-4B75-AFD6-BE39E37F3A4F}.Debug|TwinCAT RT (x64).ActiveCfg = Debug|TwinCAT RT (x64)
		{800569D0-488A-4B75-AFD6-BE39E37F3A4F}.Debug|TwinCAT RT (x64).Build.0 = Debug|TwinCAT RT (x64)
		{800569D0-488A-4B75-AFD6-BE39E37F3A4F}.Debug|TwinCAT RT (x86).ActiveCfg = Debug|TwinCAT RT (x86)
		{800569D0-488A-4B75-AFD6-BE39E37F3A4F}.Debug|TwinCAT RT (x86).Build.0 = Debug|TwinCAT RT (x86)
		{800569D0-488A-4B75-AFD6-BE39E37F3A4F}.Release|TwinCAT CE7 (ARMV7).ActiveCfg = Release|TwinCAT CE7 (ARMV7)
		{800569D0-488A-4B75-AFD6-BE39E37F3A4F}.Release|TwinCAT CE7 (ARMV7).Build.0 = Release|TwinCAT CE7 (ARMV7)
		{800569D0-488A-4B75-AFD6-BE39E37F3A4F}.Release|TwinCAT OS (ARMT2).ActiveCfg = Release|TwinCAT OS (ARMT2)
		{800569D0-488A-4B75-AFD6-BE39E37F3A4F}.Release|TwinCAT OS (ARMT2).Build.0 = Release|TwinCAT OS (ARMT2)
		{800569D0-488A-4B75-AFD6-BE39E37F3A4F}.Release|TwinCAT RT (x64).ActiveCfg = Release|TwinCAT RT (x64)
		{800569D0-488A-4B75-AFD6-BE39E37F3A4F}.Release|TwinCAT RT (x64).Build.0 = Release|TwinCAT RT (x64)
		{800569D0-488A-4B75-AFD6-BE39E37F3A4F}.Release|TwinCAT RT (x86).ActiveCfg = Release|TwinCAT RT (x86)
		{800569D0-488A-4B75-AFD6-BE39E37F3A4F}.Release|TwinCAT RT (x86).Build.0 = Release|TwinCAT RT (x86)
		{A7A0FF11-ABA6-4C4C-A11F-53054B53CB4D}.Debug|TwinCAT CE7 (ARMV7).ActiveCfg = Debug|TwinCAT CE7 (ARMV7)
		{A7A0FF11-ABA6-4C4C-A11F-53054B53CB4D}.Debug|TwinCAT CE7 (ARMV7).Build.0 = Debug|TwinCAT CE7 (ARMV7)
		{A7A0FF11-ABA6-4C4C-A11F-53054B53CB4D}.Debug|TwinCAT OS (ARMT2).ActiveCfg = Debug|TwinCAT OS (ARMT2)
		{A7A0FF11-ABA6-4C4C-A11F-53054B53CB4D}.Debug|TwinCAT OS (ARMT2).Build.0 = Debug|TwinCAT OS (ARMT2)
		{A7A0FF11-ABA6-4C4C-A11F-53054B53CB4D}.Debug|TwinCAT RT (x64).ActiveCfg = Debug|TwinCAT RT (x64)
		{A7A0FF11-ABA6-4C4C-A11F-53054B53CB4D}.Debug|TwinCAT RT (x64).Build.0 = Debug|TwinCAT RT (x64)
		{A7A0FF11-ABA6-4C4C-A11F-53054B53CB4D}.Debug|TwinCAT RT (x86).ActiveCfg = Debug|TwinCAT RT (x86)
		{A7A0FF11-ABA6-4C4C-A11F-53054B53CB4D}.Debug|TwinCAT RT (x86).Build.0 = Debug|TwinCAT RT (x86)
		{A7A0FF11-ABA6-4C4C-A11F-53054B53CB4D}.Release|TwinCAT CE7 (ARMV7).ActiveCfg = Release|TwinCAT CE7 (ARMV7)
		{A7A0FF11-ABA6-4C4C-A11F-53054B53CB4D}.Release|TwinCAT CE7 (ARMV7).Build.0 = Release|TwinCAT CE7 (ARMV7)
		{A7A0FF11-ABA6-4C4C-A11F-53054B53CB4D}.Release|TwinCAT OS (ARMT2).ActiveCfg = Release|TwinCAT OS (ARMT2)
		{A7A0FF11-ABA6-4C4C-A11F-53054B53CB4D}.Release|TwinCAT OS (ARMT2).Build.0 = Release|TwinCAT OS (ARMT2)
		{A7A0FF11-ABA6-4C4C-A11F-53054B53CB4D}.Release|TwinCAT RT (x64).ActiveCfg = Release|TwinCAT RT (x64)
		{A7A0FF11-ABA6-4C4C-A11F-53054B53CB4D}.Release|TwinCAT RT (x64).Build.0 = Release|TwinCAT RT (x64)
		{A7A0FF11-ABA6-4C4C-A11F-53054B53CB4D}.Release|TwinCAT RT (x86).ActiveCfg = Release|TwinCAT RT (x86)
		{A7A0FF11-ABA6-4C4C-A11F-53054B53CB4D}.Release|TwinCAT RT (x86).Build.0 = Release|TwinCAT RT (x86)
	EndGlobalSection
	GlobalSection(SolutionProperties) = preSolution
		HideSolutionNode = FALSE
	EndGlobalSection
EndGlobal
